
Microsoft Visual Studio Solution File, Format Version 12.00
# Visual Studio 2013
VisualStudioVersion = 12.0.40629.0
MinimumVisualStudioVersion = 10.0.40219.1
Project("{2150E333-8FDC-42A3-9474-1A3956D46DE8}") = "Solution Items", "Solution Items", "{FE592046-9F11-4167-8DA1-7AFC2A5DCC94}"
	ProjectSection(SolutionItems) = preProject
		app.fsx = app.fsx
		build.fsx = build.fsx
		paket.dependencies = paket.dependencies
		README.md = README.md
		RELEASE_NOTES.md = RELEASE_NOTES.md
	EndProjectSection
EndProject
Project("{2150E333-8FDC-42A3-9474-1A3956D46DE8}") = "docs", "docs", "{E5105618-BD66-4E38-BC94-2735422E8B4A}"
EndProject
Project("{2150E333-8FDC-42A3-9474-1A3956D46DE8}") = "content", "content", "{CCB3DE1B-B93E-4C98-830D-B055BE5286F6}"
	ProjectSection(SolutionItems) = preProject
		docs\content\index.fsx = docs\content\index.fsx
		docs\content\tutorial.fsx = docs\content\tutorial.fsx
	EndProjectSection
EndProject
Project("{2150E333-8FDC-42A3-9474-1A3956D46DE8}") = "tools", "tools", "{5B6F0502-A040-44E2-8326-AF48E8747E15}"
	ProjectSection(SolutionItems) = preProject
		docs\tools\generate.fsx = docs\tools\generate.fsx
	EndProjectSection
EndProject
Project("{F2A71F9B-5D33-465A-A702-920D77279786}") = "GenUnitApp", "src\GenUnitApp\GenUnitApp.fsproj", "{9550937D-3FE4-4CDC-99C5-3806C96157FB}"
EndProject
Project("{F2A71F9B-5D33-465A-A702-920D77279786}") = "GenUnitApp.Tests", "tests\GenUnitApp.Tests\GenUnitApp.Tests.fsproj", "{75C46A72-1748-417B-806C-8137CBB57CC8}"
EndProject
Project("{2150E333-8FDC-42A3-9474-1A3956D46DE8}") = "scripts", "scripts", "{22914310-A789-4C1B-B679-47FBDAACD7A4}"
	ProjectSection(SolutionItems) = preProject
		scripts\buildClient.fsx = scripts\buildClient.fsx
		scripts\settings.fsx = scripts\settings.fsx
	EndProjectSection
EndProject
Global
	GlobalSection(SolutionConfigurationPlatforms) = preSolution
		Debug|Any CPU = Debug|Any CPU
		Release|Any CPU = Release|Any CPU
	EndGlobalSection
	GlobalSection(ProjectConfigurationPlatforms) = postSolution
		{9550937D-3FE4-4CDC-99C5-3806C96157FB}.Debug|Any CPU.ActiveCfg = Debug|Any CPU
		{9550937D-3FE4-4CDC-99C5-3806C96157FB}.Debug|Any CPU.Build.0 = Debug|Any CPU
		{9550937D-3FE4-4CDC-99C5-3806C96157FB}.Release|Any CPU.ActiveCfg = Release|Any CPU
		{9550937D-3FE4-4CDC-99C5-3806C96157FB}.Release|Any CPU.Build.0 = Release|Any CPU
		{75C46A72-1748-417B-806C-8137CBB57CC8}.Debug|Any CPU.ActiveCfg = Debug|Any CPU
		{75C46A72-1748-417B-806C-8137CBB57CC8}.Debug|Any CPU.Build.0 = Debug|Any CPU
		{75C46A72-1748-417B-806C-8137CBB57CC8}.Release|Any CPU.ActiveCfg = Release|Any CPU
		{75C46A72-1748-417B-806C-8137CBB57CC8}.Release|Any CPU.Build.0 = Release|Any CPU
	EndGlobalSection
	GlobalSection(SolutionProperties) = preSolution
		HideSolutionNode = FALSE
	EndGlobalSection
	GlobalSection(NestedProjects) = preSolution
		{CCB3DE1B-B93E-4C98-830D-B055BE5286F6} = {E5105618-BD66-4E38-BC94-2735422E8B4A}
		{5B6F0502-A040-44E2-8326-AF48E8747E15} = {E5105618-BD66-4E38-BC94-2735422E8B4A}
		{22914310-A789-4C1B-B679-47FBDAACD7A4} = {E5105618-BD66-4E38-BC94-2735422E8B4A}
	EndGlobalSection
EndGlobal
